
Microsoft Visual Studio Solution File, Format Version 12.00
# Visual Studio Version 17
VisualStudioVersion = 17.14.37012.4 d17.14
MinimumVisualStudioVersion = 10.0.40219.1
Project("{888888A0-9F3D-457C-B088-3A5042F75D52}") = "ProiectPractica", "ProiectPractica\ProiectPractica.pyproj", "{3548AC82-9070-4768-B0E6-C682C81E1F6D}"
EndProject
Global
	GlobalSection(SolutionConfigurationPlatforms) = preSolution
		Debug|Any CPU = Debug|Any CPU
		Release|Any CPU = Release|Any CPU
	EndGlobalSection
	GlobalSection(ProjectConfigurationPlatforms) = postSolution
		{3548AC82-9070-4768-B0E6-C682C81E1F6D}.Debug|Any CPU.ActiveCfg = Debug|Any CPU
		{3548AC82-9070-4768-B0E6-C682C81E1F6D}.Release|Any CPU.ActiveCfg = Release|Any CPU
	EndGlobalSection
	GlobalSection(SolutionProperties) = preSolution
		HideSolutionNode = FALSE
	EndGlobalSection
	GlobalSection(ExtensibilityGlobals) = postSolution
		SolutionGuid = {C1514313-317A-4FC2-AE89-42CD42578D40}
	EndGlobalSection
EndGlobal
